
Microsoft Visual Studio Solution File, Format Version 12.00
# Visual Studio Version 16
VisualStudioVersion = 16.0.30114.105
MinimumVisualStudioVersion = 10.0.40219.1
Project("{FAE04EC0-301F-11D3-BF4B-00C04F79EFBC}") = "projfinal", "projfinal\projfinal.csproj", "{56F49067-0027-4648-93C7-0556A6721704}"
EndProject
Global
	GlobalSection(SolutionConfigurationPlatforms) = preSolution
		Debug|Any CPU = Debug|Any CPU
		Release|Any CPU = Release|Any CPU
	EndGlobalSection
	GlobalSection(SolutionProperties) = preSolution
		HideSolutionNode = FALSE
	EndGlobalSection
	GlobalSection(ProjectConfigurationPlatforms) = postSolution
		{56F49067-0027-4648-93C7-0556A6721704}.Debug|Any CPU.ActiveCfg = Debug|Any CPU
		{56F49067-0027-4648-93C7-0556A6721704}.Debug|Any CPU.Build.0 = Debug|Any CPU
		{56F49067-0027-4648-93C7-0556A6721704}.Release|Any CPU.ActiveCfg = Release|Any CPU
		{56F49067-0027-4648-93C7-0556A6721704}.Release|Any CPU.Build.0 = Release|Any CPU
	EndGlobalSection
EndGlobal
